{
	"name": "parkourfinder",
	"version": "0.4.3",
	"lockfileVersion": 1,
	"requires": true,
	"dependencies": {
		"async": {
			"version": "1.0.0",
			"resolved": "https://registry.npmjs.org/async/-/async-1.0.0.tgz",
			"integrity": "sha1-+PwEyjoTeErenhZBr5hXjPvWR6k="
		},
		"bluebird": {
			"version": "3.5.1",
			"resolved": "https://registry.npmjs.org/bluebird/-/bluebird-3.5.1.tgz",
			"integrity": "sha512-MKiLiV+I1AA596t9w1sQJ8jkiSr5+ZKi0WKrYGUn6d1Fx+Ij4tIj+m2WMQSGczs5jZVxV339chE8iwk6F64wjA=="
		},
		"colors": {
			"version": "1.0.3",
			"resolved": "https://registry.npmjs.org/colors/-/colors-1.0.3.tgz",
			"integrity": "sha1-BDP0TYCWgP3rYO0mDxsMJi6CpAs="
		},
		"commander": {
			"version": "2.17.1",
			"resolved": "https://registry.npmjs.org/commander/-/commander-2.17.1.tgz",
			"integrity": "sha512-wPMUt6FnH2yzG95SA6mzjQOEKUU3aLaDEmzs1ti+1E9h+CsrZghRlqEM/EJ4KscsQVG8uNN4uVreUeT8+drlgg=="
		},
		"create-readme": {
			"version": "1.1.0",
			"resolved": "https://registry.npmjs.org/create-readme/-/create-readme-1.1.0.tgz",
			"integrity": "sha1-AM0plAxSRcs0qFSRAS9XCXv5asw=",
			"requires": {
				"bluebird": "3.5.1",
				"commander": "2.17.1",
				"github-url-to-object": "2.2.6",
				"mustache": "2.3.1",
				"require-all": "2.2.0",
				"winston": "2.4.3"
			}
		},
		"cycle": {
			"version": "1.0.3",
			"resolved": "https://registry.npmjs.org/cycle/-/cycle-1.0.3.tgz",
			"integrity": "sha1-IegLK+hYD5i0aPN5QwZisEbDStI="
		},
		"encode-image-uri": {
			"version": "2.0.0",
			"resolved": "https://registry.npmjs.org/encode-image-uri/-/encode-image-uri-2.0.0.tgz",
			"integrity": "sha512-AS3sFA9peLF5jne9kFoBRfx+O/1kJkU7T2pMvU3J1AOBUCjKwEoeDTMWeMGHVggkzqLF5XE8L+D8Y1JX0ba5mQ=="
		},
		"eyes": {
			"version": "0.1.8",
			"resolved": "https://registry.npmjs.org/eyes/-/eyes-0.1.8.tgz",
			"integrity": "sha1-Ys8SAjTGg3hdkCNIqADvPgzCC8A="
		},
		"github-url-to-object": {
			"version": "2.2.6",
			"resolved": "https://registry.npmjs.org/github-url-to-object/-/github-url-to-object-2.2.6.tgz",
			"integrity": "sha1-ypJQFlFJdI7uswv8xgAMb+DSQvc=",
			"requires": {
				"is-url": "1.2.4"
			}
		},
		"is-url": {
			"version": "1.2.4",
			"resolved": "https://registry.npmjs.org/is-url/-/is-url-1.2.4.tgz",
			"integrity": "sha512-ITvGim8FhRiYe4IQ5uHSkj7pVaPDrCTkNd3yq3cV7iZAcJdHTUMPMEHcqSOy9xZ9qFenQCvi+2wjH9a1nXqHww=="
		},
		"isstream": {
			"version": "0.1.2",
			"resolved": "https://registry.npmjs.org/isstream/-/isstream-0.1.2.tgz",
			"integrity": "sha1-R+Y/evVa+m+S4VAOaQ64uFKcCZo="
		},
		"mustache": {
			"version": "2.3.1",
			"resolved": "https://registry.npmjs.org/mustache/-/mustache-2.3.1.tgz",
			"integrity": "sha512-20dW38oeiTzauvbxs1YxQbr3gbu/Lfo15J4V0EqbspYnn/GwSeTSDNtESy2nak28BW0k8qp7dnrFhrsejLPUtw=="
		},
		"register-service-worker": {
			"version": "1.5.1",
			"resolved": "https://registry.npmjs.org/register-service-worker/-/register-service-worker-1.5.1.tgz",
			"integrity": "sha512-YCYl2ScNCs85+MJvFGBi5HKryK8TwOrNQriu2So39XaRoy6VAu79x3gYiifB7T8NmxsNEeuajCx0aV33yV5krg=="
		},
		"require-all": {
			"version": "2.2.0",
			"resolved": "https://registry.npmjs.org/require-all/-/require-all-2.2.0.tgz",
			"integrity": "sha1-tEIMIzrAKC0P9Jsnf7iAqLXeCJQ="
		},
		"resize-base64": {
			"version": "1.0.12",
			"resolved": "https://registry.npmjs.org/resize-base64/-/resize-base64-1.0.12.tgz",
			"integrity": "sha1-+hoT/CVG0+DkjXKjHdvHzssvSaU=",
			"requires": {
				"create-readme": "1.1.0"
			}
		},
		"stack-trace": {
			"version": "0.0.10",
			"resolved": "https://registry.npmjs.org/stack-trace/-/stack-trace-0.0.10.tgz",
			"integrity": "sha1-VHxws0fo0ytOEI6hoqFZ5f3eGcA="
		},
		"vue-js-modal": {
			"version": "1.3.17",
			"resolved": "https://registry.npmjs.org/vue-js-modal/-/vue-js-modal-1.3.17.tgz",
			"integrity": "sha512-9LORm4upMrV+xobkvJKYaeI/+zGt6k6/eYP5zywLD407WF8BJEzrdSTknHcTUt0Gr94Rc/ha0g44M2ksXtZ+Jg=="
		},
		"winston": {
			"version": "2.4.3",
			"resolved": "https://registry.npmjs.org/winston/-/winston-2.4.3.tgz",
			"integrity": "sha512-GYKuysPz2pxYAVJD2NPsDLP5Z79SDEzPm9/j4tCjkF/n89iBNGBMJcR+dMUqxgPNgoSs6fVygPi+Vl2oxIpBuw==",
			"requires": {
				"async": "1.0.0",
				"colors": "1.0.3",
				"cycle": "1.0.3",
				"eyes": "0.1.8",
				"isstream": "0.1.2",
				"stack-trace": "0.0.10"
			}
		}
	}
}
